<Solution>
  <Folder Name="/src/">
    <Project Path="src/ClimbOn.Api/ClimbOn.Api.csproj" />
    <Project Path="src/ClimbOn.Application/ClimbOn.Application.csproj" />
    <Project Path="src/ClimbOn.Domain/ClimbOn.Domain.csproj" />
    <Project Path="src/ClimbOn.Infrastructure/ClimbOn.Infrastructure.csproj" />
  </Folder>
  <Folder Name="/tests/">
    <Project Path="tests/ClimbOn.Api.Tests/ClimbOn.Api.Tests.csproj" />
  </Folder>
</Solution>
