<Solution>
  <Folder Name="/src/">
    <Project Path="src/ClimbOn.Api/ClimbOn.Api.csproj" />
    <Project Path="src/ClimbOn.Application/ClimbOn.Application.csproj" />
    <Project Path="src/ClimbOn.Domain/ClimbOn.Domain.csproj" />
    <Project Path="src/ClimbOn.Infrastructure/ClimbOn.Infrastructure.csproj" />
  </Folder>
  <Folder Name="/tests/">
    <Project Path="tests/ClimbOn.Api.Tests/ClimbOn.Api.Tests.csproj" />
    <Project Path="tests/ClimbOn.Architecture.Tests/ClimbOn.Architecture.Tests.csproj" />
    <Project Path="tests/ClimbOn.Architecture.Violations/ClimbOn.Architecture.Violations.csproj" />
  </Folder>
  <Folder Name="/tools/">
    <Project Path="tools/SpecTrace.Tests/SpecTrace.Tests.csproj" />
    <Project Path="tools/SpecTrace/SpecTrace.csproj" />
  </Folder>
</Solution>
