{
  "version": 2,
  "dependencies": {
    "net10.0": {
      "System.Reflection.MetadataLoadContext": {
        "type": "Direct",
        "requested": "[10.0.12, )",
        "resolved": "10.0.12",
        "contentHash": "+DWu1fzj75I1FgdHSg3crgeZmfF2z55x1+OXF2IO2Lcq/iNgM9tL734pxAG0vo5iE82FVPHwbqUt31o8ipPBWg=="
      }
    }
  }
}